
Microsoft Visual Studio Solution File, Format Version 12.00
# Visual Studio 14
VisualStudioVersion = 14.0.25420.1
MinimumVisualStudioVersion = 10.0.40219.1
Project("{FAE04EC0-301F-11D3-BF4B-00C04F79EFBC}") = "DevHouseTW", "DevHouseTW\DevHouseTW.csproj", "{ABD5F88A-47AD-404F-8C89-939D4F0BCA82}"
EndProject
Project("{FAE04EC0-301F-11D3-BF4B-00C04F79EFBC}") = "DevHouseTW.Tests", "DevHouseTW.Tests\DevHouseTW.Tests.csproj", "{1C8E8414-ED55-4242-86B9-971231134394}"
EndProject
Project("{FAE04EC0-301F-11D3-BF4B-00C04F79EFBC}") = "Domain", "Domain\Domain.csproj", "{FC680518-A0AF-473B-B179-59498ADC48D4}"
EndProject
Global
	GlobalSection(SolutionConfigurationPlatforms) = preSolution
		Debug|Any CPU = Debug|Any CPU
		Release|Any CPU = Release|Any CPU
	EndGlobalSection
	GlobalSection(ProjectConfigurationPlatforms) = postSolution
		{ABD5F88A-47AD-404F-8C89-939D4F0BCA82}.Debug|Any CPU.ActiveCfg = Debug|Any CPU
		{ABD5F88A-47AD-404F-8C89-939D4F0BCA82}.Debug|Any CPU.Build.0 = Debug|Any CPU
		{ABD5F88A-47AD-404F-8C89-939D4F0BCA82}.Release|Any CPU.ActiveCfg = Release|Any CPU
		{ABD5F88A-47AD-404F-8C89-939D4F0BCA82}.Release|Any CPU.Build.0 = Release|Any CPU
		{1C8E8414-ED55-4242-86B9-971231134394}.Debug|Any CPU.ActiveCfg = Debug|Any CPU
		{1C8E8414-ED55-4242-86B9-971231134394}.Debug|Any CPU.Build.0 = Debug|Any CPU
		{1C8E8414-ED55-4242-86B9-971231134394}.Release|Any CPU.ActiveCfg = Release|Any CPU
		{1C8E8414-ED55-4242-86B9-971231134394}.Release|Any CPU.Build.0 = Release|Any CPU
		{FC680518-A0AF-473B-B179-59498ADC48D4}.Debug|Any CPU.ActiveCfg = Debug|Any CPU
		{FC680518-A0AF-473B-B179-59498ADC48D4}.Debug|Any CPU.Build.0 = Debug|Any CPU
		{FC680518-A0AF-473B-B179-59498ADC48D4}.Release|Any CPU.ActiveCfg = Release|Any CPU
		{FC680518-A0AF-473B-B179-59498ADC48D4}.Release|Any CPU.Build.0 = Release|Any CPU
	EndGlobalSection
	GlobalSection(SolutionProperties) = preSolution
		HideSolutionNode = FALSE
	EndGlobalSection
EndGlobal
